<?xml version="1.0" encoding="utf-8"?>
<Project ToolsVersion="4.0" xmlns="http://schemas.microsoft.com/developer/msbuild/2003">
  <ItemGroup>
    <Filter Include="Source Files">
      <UniqueIdentifier>{4FC737F1-C7A5-4376-A066-2A32D752A2FF}</UniqueIdentifier>
      <Extensions>cpp;c;cc;cxx;def;odl;idl;hpj;bat;asm;asmx</Extensions>
    </Filter>
    <Filter Include="Header Files">
      <UniqueIdentifier>{93995380-89BD-4b04-88EB-625FBE52EBFB}</UniqueIdentifier>
      <Extensions>h;hh;hpp;hxx;hm;inl;inc;ipp;xsd</Extensions>
    </Filter>
    <Filter Include="Resource Files">
      <UniqueIdentifier>{67DA6AB6-F800-4c08-8B7A-83BB121AAD01}</UniqueIdentifier>
      <Extensions>rc;ico;cur;bmp;dlg;rc2;rct;bin;rgs;gif;jpg;jpeg;jpe;resx;tiff;tif;png;wav;mfcribbon-ms</Extensions>
    </Filter>
  </ItemGroup>
  <ItemGroup>
    <ClInclude Include="src\camera.h">
      <Filter>Header Files</Filter>
    </ClInclude>
    <ClInclude Include="src\hitable.h">
      <Filter>Header Files</Filter>
    </ClInclude>
    <ClInclude Include="src\hitable_list.h">
      <Filter>Header Files</Filter>
    </ClInclude>
    <ClInclude Include="src\light.h">
      <Filter>Header Files</Filter>
    </ClInclude>
    <ClInclude Include="src\utility\strutil.h">
      <Filter>Header Files</Filter>
    </ClInclude>
    <ClInclude Include="src\utility\thread_pool.h">
      <Filter>Header Files</Filter>
    </ClInclude>
    <ClInclude Include="src\utility\utility.h">
      <Filter>Header Files</Filter>
    </ClInclude>
    <ClInclude Include="src\type\graphics_types.h">
      <Filter>Header Files</Filter>
    </ClInclude>
    <ClInclude Include="src\scene\random_scene.h">
      <Filter>Header Files</Filter>
    </ClInclude>
    <ClInclude Include="src\scene\scene.h">
      <Filter>Header Files</Filter>
    </ClInclude>
    <ClInclude Include="src\scene\test_scene.h">
      <Filter>Header Files</Filter>
    </ClInclude>
    <ClInclude Include="src\model\sphere.h">
      <Filter>Header Files</Filter>
    </ClInclude>
    <ClInclude Include="src\math\ray.h">
      <Filter>Header Files</Filter>
    </ClInclude>
    <ClInclude Include="src\math\vec3.h">
      <Filter>Header Files</Filter>
    </ClInclude>
    <ClInclude Include="src\material\dielectric.h">
      <Filter>Header Files</Filter>
    </ClInclude>
    <ClInclude Include="src\material\lambertian.h">
      <Filter>Header Files</Filter>
    </ClInclude>
    <ClInclude Include="src\material\material.h">
      <Filter>Header Files</Filter>
    </ClInclude>
    <ClInclude Include="src\material\metal.h">
      <Filter>Header Files</Filter>
    </ClInclude>
    <ClInclude Include="src\image\image_writer.h">
      <Filter>Header Files</Filter>
    </ClInclude>
    <ClInclude Include="src\image\ppm_image_writer.h">
      <Filter>Header Files</Filter>
    </ClInclude>
    <ClInclude Include="src\image\async_image_writer.h">
      <Filter>Header Files</Filter>
    </ClInclude>
    <ClInclude Include="src\cli_arg_parser.h">
      <Filter>Header Files</Filter>
    </ClInclude>
  </ItemGroup>
  <ItemGroup>
    <ClCompile Include="src\camera.cpp">
      <Filter>Source Files</Filter>
    </ClCompile>
    <ClCompile Include="src\hitable_list.cpp">
      <Filter>Source Files</Filter>
    </ClCompile>
    <ClCompile Include="src\light.cpp">
      <Filter>Source Files</Filter>
    </ClCompile>
    <ClCompile Include="src\raytracer.cpp">
      <Filter>Source Files</Filter>
    </ClCompile>
    <ClCompile Include="src\utility\strutil.cpp">
      <Filter>Source Files</Filter>
    </ClCompile>
    <ClCompile Include="src\utility\thread_pool.cpp">
      <Filter>Source Files</Filter>
    </ClCompile>
    <ClCompile Include="src\utility\utility.cpp">
      <Filter>Source Files</Filter>
    </ClCompile>
    <ClCompile Include="src\type\graphics_types.cpp">
      <Filter>Source Files</Filter>
    </ClCompile>
    <ClCompile Include="src\scene\random_scene.cpp">
      <Filter>Source Files</Filter>
    </ClCompile>
    <ClCompile Include="src\scene\scene.cpp">
      <Filter>Source Files</Filter>
    </ClCompile>
    <ClCompile Include="src\scene\test_scene.cpp">
      <Filter>Source Files</Filter>
    </ClCompile>
    <ClCompile Include="src\model\sphere.cpp">
      <Filter>Source Files</Filter>
    </ClCompile>
    <ClCompile Include="src\image\image_writer.cpp">
      <Filter>Source Files</Filter>
    </ClCompile>
    <ClCompile Include="src\image\ppm_image_writer.cpp">
      <Filter>Source Files</Filter>
    </ClCompile>
    <ClCompile Include="src\math\vec3.cpp">
      <Filter>Source Files</Filter>
    </ClCompile>
    <ClCompile Include="src\material\dielectric.cpp">
      <Filter>Source Files</Filter>
    </ClCompile>
    <ClCompile Include="src\material\lambertian.cpp">
      <Filter>Source Files</Filter>
    </ClCompile>
    <ClCompile Include="src\material\metal.cpp">
      <Filter>Source Files</Filter>
    </ClCompile>
    <ClCompile Include="src\image\async_image_writer.cpp">
      <Filter>Source Files</Filter>
    </ClCompile>
    <ClCompile Include="src\math\ray.cpp">
      <Filter>Source Files</Filter>
    </ClCompile>
    <ClCompile Include="src\cli_arg_parser.cpp">
      <Filter>Source Files</Filter>
    </ClCompile>
    <ClCompile Include="src\main.cpp">
      <Filter>Source Files</Filter>
    </ClCompile>
  </ItemGroup>
</Project>